
Microsoft Visual Studio Solution File, Format Version 12.00
# Visual Studio Version 17
VisualStudioVersion = 17.1.32328.378
MinimumVisualStudioVersion = 10.0.40219.1
Project("{FAE04EC0-301F-11D3-BF4B-00C04F79EFBC}") = "WebCrawler", "WebCrawler\WebCrawler.csproj", "{8B8BA519-9DE9-4BE6-BB32-8E876943055E}"
EndProject
Global
	GlobalSection(SolutionConfigurationPlatforms) = preSolution
		Debug|Any CPU = Debug|Any CPU
		Release|Any CPU = Release|Any CPU
	EndGlobalSection
	GlobalSection(ProjectConfigurationPlatforms) = postSolution
		{8B8BA519-9DE9-4BE6-BB32-8E876943055E}.Debug|Any CPU.ActiveCfg = Debug|Any CPU
		{8B8BA519-9DE9-4BE6-BB32-8E876943055E}.Debug|Any CPU.Build.0 = Debug|Any CPU
		{8B8BA519-9DE9-4BE6-BB32-8E876943055E}.Release|Any CPU.ActiveCfg = Release|Any CPU
		{8B8BA519-9DE9-4BE6-BB32-8E876943055E}.Release|Any CPU.Build.0 = Release|Any CPU
	EndGlobalSection
	GlobalSection(SolutionProperties) = preSolution
		HideSolutionNode = FALSE
	EndGlobalSection
	GlobalSection(ExtensibilityGlobals) = postSolution
		SolutionGuid = {59FD6C0F-FCB2-49BD-A808-0EBCF84F62B2}
	EndGlobalSection
EndGlobal
